
Microsoft Visual Studio Solution File, Format Version 12.00
# Visual Studio Version 17
VisualStudioVersion = 17.0.31903.59
MinimumVisualStudioVersion = 10.0.40219.1
Project("{2150E333-8FDC-42A3-9474-1A3956D46DE8}") = "src", "src", "{827E0CD3-B72D-47B6-A68D-7590B98EB39B}"
EndProject
Project("{2150E333-8FDC-42A3-9474-1A3956D46DE8}") = "tests", "tests", "{0AB3BF05-4346-4AA6-1389-037BE0695223}"
EndProject
Project("{FAE04EC0-301F-11D3-BF4B-00C04F79EFBC}") = "Pawthorize.Core.Tests", "tests\Pawthorize.Core.Tests\Pawthorize.Core.Tests.csproj", "{BB5B91B7-8974-4822-9FB1-CB01195BF0AF}"
EndProject
Project("{FAE04EC0-301F-11D3-BF4B-00C04F79EFBC}") = "Pawthorize.Jwt.Tests", "tests\Pawthorize.Jwt.Tests\Pawthorize.Jwt.Tests.csproj", "{89477D36-5E13-4C91-BD9F-CA5866C29A4D}"
EndProject
Project("{FAE04EC0-301F-11D3-BF4B-00C04F79EFBC}") = "Pawthorize.Security.Tests", "tests\Pawthorize.Security.Tests\Pawthorize.Security.Tests.csproj", "{85AC959D-7140-481D-B135-A3DBB9F33314}"
EndProject
Project("{FAE04EC0-301F-11D3-BF4B-00C04F79EFBC}") = "Pawthorize.Integration.Tests", "tests\Pawthorize.Integration.Tests\Pawthorize.Integration.Tests.csproj", "{3E46EE95-5411-4F4B-9B75-6EB10139DA72}"
EndProject
Project("{2150E333-8FDC-42A3-9474-1A3956D46DE8}") = "samples", "samples", "{5D20AA90-6969-D8BD-9DCD-8634F4692FDA}"
EndProject
Project("{FAE04EC0-301F-11D3-BF4B-00C04F79EFBC}") = "Pawthorize.Sample.MinimalApi", "samples\Pawthorize.Sample.MinimalApi\Pawthorize.Sample.MinimalApi.csproj", "{E09FD354-2A05-4430-884B-EC620DCD0C71}"
EndProject
Project("{FAE04EC0-301F-11D3-BF4B-00C04F79EFBC}") = "Pawthorize.AspNetCore.Tests", "tests\Pawthorize.AspNetCore.Tests\Pawthorize.AspNetCore.Tests.csproj", "{8D899CC2-773F-42D9-9285-18C6D5083CD8}"
EndProject
Project("{FAE04EC0-301F-11D3-BF4B-00C04F79EFBC}") = "Pawthorize", "src\Pawthorize\Pawthorize.csproj", "{EF81E128-C267-462B-A3DF-2C6BBD8649FF}"
EndProject
Global
	GlobalSection(SolutionConfigurationPlatforms) = preSolution
		Debug|Any CPU = Debug|Any CPU
		Debug|x64 = Debug|x64
		Debug|x86 = Debug|x86
		Release|Any CPU = Release|Any CPU
		Release|x64 = Release|x64
		Release|x86 = Release|x86
	EndGlobalSection
	GlobalSection(ProjectConfigurationPlatforms) = postSolution
		{BB5B91B7-8974-4822-9FB1-CB01195BF0AF}.Debug|Any CPU.ActiveCfg = Debug|Any CPU
		{BB5B91B7-8974-4822-9FB1-CB01195BF0AF}.Debug|Any CPU.Build.0 = Debug|Any CPU
		{BB5B91B7-8974-4822-9FB1-CB01195BF0AF}.Debug|x64.ActiveCfg = Debug|Any CPU
		{BB5B91B7-8974-4822-9FB1-CB01195BF0AF}.Debug|x64.Build.0 = Debug|Any CPU
		{BB5B91B7-8974-4822-9FB1-CB01195BF0AF}.Debug|x86.ActiveCfg = Debug|Any CPU
		{BB5B91B7-8974-4822-9FB1-CB01195BF0AF}.Debug|x86.Build.0 = Debug|Any CPU
		{BB5B91B7-8974-4822-9FB1-CB01195BF0AF}.Release|Any CPU.ActiveCfg = Release|Any CPU
		{BB5B91B7-8974-4822-9FB1-CB01195BF0AF}.Release|Any CPU.Build.0 = Release|Any CPU
		{BB5B91B7-8974-4822-9FB1-CB01195BF0AF}.Release|x64.ActiveCfg = Release|Any CPU
		{BB5B91B7-8974-4822-9FB1-CB01195BF0AF}.Release|x64.Build.0 = Release|Any CPU
		{BB5B91B7-8974-4822-9FB1-CB01195BF0AF}.Release|x86.ActiveCfg = Release|Any CPU
		{BB5B91B7-8974-4822-9FB1-CB01195BF0AF}.Release|x86.Build.0 = Release|Any CPU
		{89477D36-5E13-4C91-BD9F-CA5866C29A4D}.Debug|Any CPU.ActiveCfg = Debug|Any CPU
		{89477D36-5E13-4C91-BD9F-CA5866C29A4D}.Debug|Any CPU.Build.0 = Debug|Any CPU
		{89477D36-5E13-4C91-BD9F-CA5866C29A4D}.Debug|x64.ActiveCfg = Debug|Any CPU
		{89477D36-5E13-4C91-BD9F-CA5866C29A4D}.Debug|x64.Build.0 = Debug|Any CPU
		{89477D36-5E13-4C91-BD9F-CA5866C29A4D}.Debug|x86.ActiveCfg = Debug|Any CPU
		{89477D36-5E13-4C91-BD9F-CA5866C29A4D}.Debug|x86.Build.0 = Debug|Any CPU
		{89477D36-5E13-4C91-BD9F-CA5866C29A4D}.Release|Any CPU.ActiveCfg = Release|Any CPU
		{89477D36-5E13-4C91-BD9F-CA5866C29A4D}.Release|Any CPU.Build.0 = Release|Any CPU
		{89477D36-5E13-4C91-BD9F-CA5866C29A4D}.Release|x64.ActiveCfg = Release|Any CPU
		{89477D36-5E13-4C91-BD9F-CA5866C29A4D}.Release|x64.Build.0 = Release|Any CPU
		{89477D36-5E13-4C91-BD9F-CA5866C29A4D}.Release|x86.ActiveCfg = Release|Any CPU
		{89477D36-5E13-4C91-BD9F-CA5866C29A4D}.Release|x86.Build.0 = Release|Any CPU
		{85AC959D-7140-481D-B135-A3DBB9F33314}.Debug|Any CPU.ActiveCfg = Debug|Any CPU
		{85AC959D-7140-481D-B135-A3DBB9F33314}.Debug|Any CPU.Build.0 = Debug|Any CPU
		{85AC959D-7140-481D-B135-A3DBB9F33314}.Debug|x64.ActiveCfg = Debug|Any CPU
		{85AC959D-7140-481D-B135-A3DBB9F33314}.Debug|x64.Build.0 = Debug|Any CPU
		{85AC959D-7140-481D-B135-A3DBB9F33314}.Debug|x86.ActiveCfg = Debug|Any CPU
		{85AC959D-7140-481D-B135-A3DBB9F33314}.Debug|x86.Build.0 = Debug|Any CPU
		{85AC959D-7140-481D-B135-A3DBB9F33314}.Release|Any CPU.ActiveCfg = Release|Any CPU
		{85AC959D-7140-481D-B135-A3DBB9F33314}.Release|Any CPU.Build.0 = Release|Any CPU
		{85AC959D-7140-481D-B135-A3DBB9F33314}.Release|x64.ActiveCfg = Release|Any CPU
		{85AC959D-7140-481D-B135-A3DBB9F33314}.Release|x64.Build.0 = Release|Any CPU
		{85AC959D-7140-481D-B135-A3DBB9F33314}.Release|x86.ActiveCfg = Release|Any CPU
		{85AC959D-7140-481D-B135-A3DBB9F33314}.Release|x86.Build.0 = Release|Any CPU
		{3E46EE95-5411-4F4B-9B75-6EB10139DA72}.Debug|Any CPU.ActiveCfg = Debug|Any CPU
		{3E46EE95-5411-4F4B-9B75-6EB10139DA72}.Debug|Any CPU.Build.0 = Debug|Any CPU
		{3E46EE95-5411-4F4B-9B75-6EB10139DA72}.Debug|x64.ActiveCfg = Debug|Any CPU
		{3E46EE95-5411-4F4B-9B75-6EB10139DA72}.Debug|x64.Build.0 = Debug|Any CPU
		{3E46EE95-5411-4F4B-9B75-6EB10139DA72}.Debug|x86.ActiveCfg = Debug|Any CPU
		{3E46EE95-5411-4F4B-9B75-6EB10139DA72}.Debug|x86.Build.0 = Debug|Any CPU
		{3E46EE95-5411-4F4B-9B75-6EB10139DA72}.Release|Any CPU.ActiveCfg = Release|Any CPU
		{3E46EE95-5411-4F4B-9B75-6EB10139DA72}.Release|Any CPU.Build.0 = Release|Any CPU
		{3E46EE95-5411-4F4B-9B75-6EB10139DA72}.Release|x64.ActiveCfg = Release|Any CPU
		{3E46EE95-5411-4F4B-9B75-6EB10139DA72}.Release|x64.Build.0 = Release|Any CPU
		{3E46EE95-5411-4F4B-9B75-6EB10139DA72}.Release|x86.ActiveCfg = Release|Any CPU
		{3E46EE95-5411-4F4B-9B75-6EB10139DA72}.Release|x86.Build.0 = Release|Any CPU
		{E09FD354-2A05-4430-884B-EC620DCD0C71}.Debug|Any CPU.ActiveCfg = Debug|Any CPU
		{E09FD354-2A05-4430-884B-EC620DCD0C71}.Debug|Any CPU.Build.0 = Debug|Any CPU
		{E09FD354-2A05-4430-884B-EC620DCD0C71}.Debug|x64.ActiveCfg = Debug|Any CPU
		{E09FD354-2A05-4430-884B-EC620DCD0C71}.Debug|x64.Build.0 = Debug|Any CPU
		{E09FD354-2A05-4430-884B-EC620DCD0C71}.Debug|x86.ActiveCfg = Debug|Any CPU
		{E09FD354-2A05-4430-884B-EC620DCD0C71}.Debug|x86.Build.0 = Debug|Any CPU
		{E09FD354-2A05-4430-884B-EC620DCD0C71}.Release|Any CPU.ActiveCfg = Release|Any CPU
		{E09FD354-2A05-4430-884B-EC620DCD0C71}.Release|Any CPU.Build.0 = Release|Any CPU
		{E09FD354-2A05-4430-884B-EC620DCD0C71}.Release|x64.ActiveCfg = Release|Any CPU
		{E09FD354-2A05-4430-884B-EC620DCD0C71}.Release|x64.Build.0 = Release|Any CPU
		{E09FD354-2A05-4430-884B-EC620DCD0C71}.Release|x86.ActiveCfg = Release|Any CPU
		{E09FD354-2A05-4430-884B-EC620DCD0C71}.Release|x86.Build.0 = Release|Any CPU
		{8D899CC2-773F-42D9-9285-18C6D5083CD8}.Debug|Any CPU.ActiveCfg = Debug|Any CPU
		{8D899CC2-773F-42D9-9285-18C6D5083CD8}.Debug|Any CPU.Build.0 = Debug|Any CPU
		{8D899CC2-773F-42D9-9285-18C6D5083CD8}.Debug|x64.ActiveCfg = Debug|Any CPU
		{8D899CC2-773F-42D9-9285-18C6D5083CD8}.Debug|x64.Build.0 = Debug|Any CPU
		{8D899CC2-773F-42D9-9285-18C6D5083CD8}.Debug|x86.ActiveCfg = Debug|Any CPU
		{8D899CC2-773F-42D9-9285-18C6D5083CD8}.Debug|x86.Build.0 = Debug|Any CPU
		{8D899CC2-773F-42D9-9285-18C6D5083CD8}.Release|Any CPU.ActiveCfg = Release|Any CPU
		{8D899CC2-773F-42D9-9285-18C6D5083CD8}.Release|Any CPU.Build.0 = Release|Any CPU
		{8D899CC2-773F-42D9-9285-18C6D5083CD8}.Release|x64.ActiveCfg = Release|Any CPU
		{8D899CC2-773F-42D9-9285-18C6D5083CD8}.Release|x64.Build.0 = Release|Any CPU
		{8D899CC2-773F-42D9-9285-18C6D5083CD8}.Release|x86.ActiveCfg = Release|Any CPU
		{8D899CC2-773F-42D9-9285-18C6D5083CD8}.Release|x86.Build.0 = Release|Any CPU
		{EF81E128-C267-462B-A3DF-2C6BBD8649FF}.Debug|Any CPU.ActiveCfg = Debug|Any CPU
		{EF81E128-C267-462B-A3DF-2C6BBD8649FF}.Debug|Any CPU.Build.0 = Debug|Any CPU
		{EF81E128-C267-462B-A3DF-2C6BBD8649FF}.Debug|x64.ActiveCfg = Debug|Any CPU
		{EF81E128-C267-462B-A3DF-2C6BBD8649FF}.Debug|x64.Build.0 = Debug|Any CPU
		{EF81E128-C267-462B-A3DF-2C6BBD8649FF}.Debug|x86.ActiveCfg = Debug|Any CPU
		{EF81E128-C267-462B-A3DF-2C6BBD8649FF}.Debug|x86.Build.0 = Debug|Any CPU
		{EF81E128-C267-462B-A3DF-2C6BBD8649FF}.Release|Any CPU.ActiveCfg = Release|Any CPU
		{EF81E128-C267-462B-A3DF-2C6BBD8649FF}.Release|Any CPU.Build.0 = Release|Any CPU
		{EF81E128-C267-462B-A3DF-2C6BBD8649FF}.Release|x64.ActiveCfg = Release|Any CPU
		{EF81E128-C267-462B-A3DF-2C6BBD8649FF}.Release|x64.Build.0 = Release|Any CPU
		{EF81E128-C267-462B-A3DF-2C6BBD8649FF}.Release|x86.ActiveCfg = Release|Any CPU
		{EF81E128-C267-462B-A3DF-2C6BBD8649FF}.Release|x86.Build.0 = Release|Any CPU
	EndGlobalSection
	GlobalSection(SolutionProperties) = preSolution
		HideSolutionNode = FALSE
	EndGlobalSection
	GlobalSection(NestedProjects) = preSolution
		{BB5B91B7-8974-4822-9FB1-CB01195BF0AF} = {0AB3BF05-4346-4AA6-1389-037BE0695223}
		{89477D36-5E13-4C91-BD9F-CA5866C29A4D} = {0AB3BF05-4346-4AA6-1389-037BE0695223}
		{85AC959D-7140-481D-B135-A3DBB9F33314} = {0AB3BF05-4346-4AA6-1389-037BE0695223}
		{3E46EE95-5411-4F4B-9B75-6EB10139DA72} = {0AB3BF05-4346-4AA6-1389-037BE0695223}
		{E09FD354-2A05-4430-884B-EC620DCD0C71} = {5D20AA90-6969-D8BD-9DCD-8634F4692FDA}
		{8D899CC2-773F-42D9-9285-18C6D5083CD8} = {0AB3BF05-4346-4AA6-1389-037BE0695223}
		{EF81E128-C267-462B-A3DF-2C6BBD8649FF} = {827E0CD3-B72D-47B6-A68D-7590B98EB39B}
	EndGlobalSection
EndGlobal
