
Microsoft Visual Studio Solution File, Format Version 12.00
# Visual Studio Version 17
VisualStudioVersion = 17.0.31903.59
MinimumVisualStudioVersion = 10.0.40219.1
Project("{2150E333-8FDC-42A3-9474-1A3956D46DE8}") = "src", "src", "{827E0CD3-B72D-47B6-A68D-7590B98EB39B}"
EndProject
Project("{FAE04EC0-301F-11D3-BF4B-00C04F79EFBC}") = "Pawthorize.Core", "src\Pawthorize.Core\Pawthorize.Core.csproj", "{F6720BF1-9726-4038-8E21-DBFAC02378FC}"
EndProject
Project("{FAE04EC0-301F-11D3-BF4B-00C04F79EFBC}") = "Pawthorize.Jwt", "src\Pawthorize.Jwt\Pawthorize.Jwt.csproj", "{800FD908-B6BD-4866-B95D-7A9FFC3B25B4}"
EndProject
Project("{FAE04EC0-301F-11D3-BF4B-00C04F79EFBC}") = "Pawthorize.Security", "src\Pawthorize.Security\Pawthorize.Security.csproj", "{AE70E8F7-1E78-405F-AB0F-567CBFBA2140}"
EndProject
Project("{FAE04EC0-301F-11D3-BF4B-00C04F79EFBC}") = "Pawthorize.AspNetCore", "src\Pawthorize.AspNetCore\Pawthorize.AspNetCore.csproj", "{28B35510-9180-41D5-8693-5697276559C4}"
EndProject
Project("{FAE04EC0-301F-11D3-BF4B-00C04F79EFBC}") = "Pawthorize.OAuth", "src\Pawthorize.OAuth\Pawthorize.OAuth.csproj", "{F8588FD8-619F-416F-A6A0-C791B9A59F27}"
EndProject
Project("{2150E333-8FDC-42A3-9474-1A3956D46DE8}") = "tests", "tests", "{0AB3BF05-4346-4AA6-1389-037BE0695223}"
EndProject
Project("{FAE04EC0-301F-11D3-BF4B-00C04F79EFBC}") = "Pawthorize.Core.Tests", "tests\Pawthorize.Core.Tests\Pawthorize.Core.Tests.csproj", "{BB5B91B7-8974-4822-9FB1-CB01195BF0AF}"
EndProject
Project("{FAE04EC0-301F-11D3-BF4B-00C04F79EFBC}") = "Pawthorize.Jwt.Tests", "tests\Pawthorize.Jwt.Tests\Pawthorize.Jwt.Tests.csproj", "{89477D36-5E13-4C91-BD9F-CA5866C29A4D}"
EndProject
Project("{FAE04EC0-301F-11D3-BF4B-00C04F79EFBC}") = "Pawthorize.Security.Tests", "tests\Pawthorize.Security.Tests\Pawthorize.Security.Tests.csproj", "{85AC959D-7140-481D-B135-A3DBB9F33314}"
EndProject
Project("{FAE04EC0-301F-11D3-BF4B-00C04F79EFBC}") = "Pawthorize.Integration.Tests", "tests\Pawthorize.Integration.Tests\Pawthorize.Integration.Tests.csproj", "{3E46EE95-5411-4F4B-9B75-6EB10139DA72}"
EndProject
Project("{2150E333-8FDC-42A3-9474-1A3956D46DE8}") = "samples", "samples", "{5D20AA90-6969-D8BD-9DCD-8634F4692FDA}"
EndProject
Project("{FAE04EC0-301F-11D3-BF4B-00C04F79EFBC}") = "Pawthorize.Sample.MinimalApi", "samples\Pawthorize.Sample.MinimalApi\Pawthorize.Sample.MinimalApi.csproj", "{E09FD354-2A05-4430-884B-EC620DCD0C71}"
EndProject
Project("{FAE04EC0-301F-11D3-BF4B-00C04F79EFBC}") = "Pawthorize.Sample.MultiTenant", "samples\Pawthorize.Sample.MultiTenant\Pawthorize.Sample.MultiTenant.csproj", "{E2F7441D-99EC-48F8-BEB0-2F8C4C3ACB1C}"
EndProject
Global
	GlobalSection(SolutionConfigurationPlatforms) = preSolution
		Debug|Any CPU = Debug|Any CPU
		Debug|x64 = Debug|x64
		Debug|x86 = Debug|x86
		Release|Any CPU = Release|Any CPU
		Release|x64 = Release|x64
		Release|x86 = Release|x86
	EndGlobalSection
	GlobalSection(ProjectConfigurationPlatforms) = postSolution
		{F6720BF1-9726-4038-8E21-DBFAC02378FC}.Debug|Any CPU.ActiveCfg = Debug|Any CPU
		{F6720BF1-9726-4038-8E21-DBFAC02378FC}.Debug|Any CPU.Build.0 = Debug|Any CPU
		{F6720BF1-9726-4038-8E21-DBFAC02378FC}.Debug|x64.ActiveCfg = Debug|Any CPU
		{F6720BF1-9726-4038-8E21-DBFAC02378FC}.Debug|x64.Build.0 = Debug|Any CPU
		{F6720BF1-9726-4038-8E21-DBFAC02378FC}.Debug|x86.ActiveCfg = Debug|Any CPU
		{F6720BF1-9726-4038-8E21-DBFAC02378FC}.Debug|x86.Build.0 = Debug|Any CPU
		{F6720BF1-9726-4038-8E21-DBFAC02378FC}.Release|Any CPU.ActiveCfg = Release|Any CPU
		{F6720BF1-9726-4038-8E21-DBFAC02378FC}.Release|Any CPU.Build.0 = Release|Any CPU
		{F6720BF1-9726-4038-8E21-DBFAC02378FC}.Release|x64.ActiveCfg = Release|Any CPU
		{F6720BF1-9726-4038-8E21-DBFAC02378FC}.Release|x64.Build.0 = Release|Any CPU
		{F6720BF1-9726-4038-8E21-DBFAC02378FC}.Release|x86.ActiveCfg = Release|Any CPU
		{F6720BF1-9726-4038-8E21-DBFAC02378FC}.Release|x86.Build.0 = Release|Any CPU
		{800FD908-B6BD-4866-B95D-7A9FFC3B25B4}.Debug|Any CPU.ActiveCfg = Debug|Any CPU
		{800FD908-B6BD-4866-B95D-7A9FFC3B25B4}.Debug|Any CPU.Build.0 = Debug|Any CPU
		{800FD908-B6BD-4866-B95D-7A9FFC3B25B4}.Debug|x64.ActiveCfg = Debug|Any CPU
		{800FD908-B6BD-4866-B95D-7A9FFC3B25B4}.Debug|x64.Build.0 = Debug|Any CPU
		{800FD908-B6BD-4866-B95D-7A9FFC3B25B4}.Debug|x86.ActiveCfg = Debug|Any CPU
		{800FD908-B6BD-4866-B95D-7A9FFC3B25B4}.Debug|x86.Build.0 = Debug|Any CPU
		{800FD908-B6BD-4866-B95D-7A9FFC3B25B4}.Release|Any CPU.ActiveCfg = Release|Any CPU
		{800FD908-B6BD-4866-B95D-7A9FFC3B25B4}.Release|Any CPU.Build.0 = Release|Any CPU
		{800FD908-B6BD-4866-B95D-7A9FFC3B25B4}.Release|x64.ActiveCfg = Release|Any CPU
		{800FD908-B6BD-4866-B95D-7A9FFC3B25B4}.Release|x64.Build.0 = Release|Any CPU
		{800FD908-B6BD-4866-B95D-7A9FFC3B25B4}.Release|x86.ActiveCfg = Release|Any CPU
		{800FD908-B6BD-4866-B95D-7A9FFC3B25B4}.Release|x86.Build.0 = Release|Any CPU
		{AE70E8F7-1E78-405F-AB0F-567CBFBA2140}.Debug|Any CPU.ActiveCfg = Debug|Any CPU
		{AE70E8F7-1E78-405F-AB0F-567CBFBA2140}.Debug|Any CPU.Build.0 = Debug|Any CPU
		{AE70E8F7-1E78-405F-AB0F-567CBFBA2140}.Debug|x64.ActiveCfg = Debug|Any CPU
		{AE70E8F7-1E78-405F-AB0F-567CBFBA2140}.Debug|x64.Build.0 = Debug|Any CPU
		{AE70E8F7-1E78-405F-AB0F-567CBFBA2140}.Debug|x86.ActiveCfg = Debug|Any CPU
		{AE70E8F7-1E78-405F-AB0F-567CBFBA2140}.Debug|x86.Build.0 = Debug|Any CPU
		{AE70E8F7-1E78-405F-AB0F-567CBFBA2140}.Release|Any CPU.ActiveCfg = Release|Any CPU
		{AE70E8F7-1E78-405F-AB0F-567CBFBA2140}.Release|Any CPU.Build.0 = Release|Any CPU
		{AE70E8F7-1E78-405F-AB0F-567CBFBA2140}.Release|x64.ActiveCfg = Release|Any CPU
		{AE70E8F7-1E78-405F-AB0F-567CBFBA2140}.Release|x64.Build.0 = Release|Any CPU
		{AE70E8F7-1E78-405F-AB0F-567CBFBA2140}.Release|x86.ActiveCfg = Release|Any CPU
		{AE70E8F7-1E78-405F-AB0F-567CBFBA2140}.Release|x86.Build.0 = Release|Any CPU
		{28B35510-9180-41D5-8693-5697276559C4}.Debug|Any CPU.ActiveCfg = Debug|Any CPU
		{28B35510-9180-41D5-8693-5697276559C4}.Debug|Any CPU.Build.0 = Debug|Any CPU
		{28B35510-9180-41D5-8693-5697276559C4}.Debug|x64.ActiveCfg = Debug|Any CPU
		{28B35510-9180-41D5-8693-5697276559C4}.Debug|x64.Build.0 = Debug|Any CPU
		{28B35510-9180-41D5-8693-5697276559C4}.Debug|x86.ActiveCfg = Debug|Any CPU
		{28B35510-9180-41D5-8693-5697276559C4}.Debug|x86.Build.0 = Debug|Any CPU
		{28B35510-9180-41D5-8693-5697276559C4}.Release|Any CPU.ActiveCfg = Release|Any CPU
		{28B35510-9180-41D5-8693-5697276559C4}.Release|Any CPU.Build.0 = Release|Any CPU
		{28B35510-9180-41D5-8693-5697276559C4}.Release|x64.ActiveCfg = Release|Any CPU
		{28B35510-9180-41D5-8693-5697276559C4}.Release|x64.Build.0 = Release|Any CPU
		{28B35510-9180-41D5-8693-5697276559C4}.Release|x86.ActiveCfg = Release|Any CPU
		{28B35510-9180-41D5-8693-5697276559C4}.Release|x86.Build.0 = Release|Any CPU
		{F8588FD8-619F-416F-A6A0-C791B9A59F27}.Debug|Any CPU.ActiveCfg = Debug|Any CPU
		{F8588FD8-619F-416F-A6A0-C791B9A59F27}.Debug|Any CPU.Build.0 = Debug|Any CPU
		{F8588FD8-619F-416F-A6A0-C791B9A59F27}.Debug|x64.ActiveCfg = Debug|Any CPU
		{F8588FD8-619F-416F-A6A0-C791B9A59F27}.Debug|x64.Build.0 = Debug|Any CPU
		{F8588FD8-619F-416F-A6A0-C791B9A59F27}.Debug|x86.ActiveCfg = Debug|Any CPU
		{F8588FD8-619F-416F-A6A0-C791B9A59F27}.Debug|x86.Build.0 = Debug|Any CPU
		{F8588FD8-619F-416F-A6A0-C791B9A59F27}.Release|Any CPU.ActiveCfg = Release|Any CPU
		{F8588FD8-619F-416F-A6A0-C791B9A59F27}.Release|Any CPU.Build.0 = Release|Any CPU
		{F8588FD8-619F-416F-A6A0-C791B9A59F27}.Release|x64.ActiveCfg = Release|Any CPU
		{F8588FD8-619F-416F-A6A0-C791B9A59F27}.Release|x64.Build.0 = Release|Any CPU
		{F8588FD8-619F-416F-A6A0-C791B9A59F27}.Release|x86.ActiveCfg = Release|Any CPU
		{F8588FD8-619F-416F-A6A0-C791B9A59F27}.Release|x86.Build.0 = Release|Any CPU
		{BB5B91B7-8974-4822-9FB1-CB01195BF0AF}.Debug|Any CPU.ActiveCfg = Debug|Any CPU
		{BB5B91B7-8974-4822-9FB1-CB01195BF0AF}.Debug|Any CPU.Build.0 = Debug|Any CPU
		{BB5B91B7-8974-4822-9FB1-CB01195BF0AF}.Debug|x64.ActiveCfg = Debug|Any CPU
		{BB5B91B7-8974-4822-9FB1-CB01195BF0AF}.Debug|x64.Build.0 = Debug|Any CPU
		{BB5B91B7-8974-4822-9FB1-CB01195BF0AF}.Debug|x86.ActiveCfg = Debug|Any CPU
		{BB5B91B7-8974-4822-9FB1-CB01195BF0AF}.Debug|x86.Build.0 = Debug|Any CPU
		{BB5B91B7-8974-4822-9FB1-CB01195BF0AF}.Release|Any CPU.ActiveCfg = Release|Any CPU
		{BB5B91B7-8974-4822-9FB1-CB01195BF0AF}.Release|Any CPU.Build.0 = Release|Any CPU
		{BB5B91B7-8974-4822-9FB1-CB01195BF0AF}.Release|x64.ActiveCfg = Release|Any CPU
		{BB5B91B7-8974-4822-9FB1-CB01195BF0AF}.Release|x64.Build.0 = Release|Any CPU
		{BB5B91B7-8974-4822-9FB1-CB01195BF0AF}.Release|x86.ActiveCfg = Release|Any CPU
		{BB5B91B7-8974-4822-9FB1-CB01195BF0AF}.Release|x86.Build.0 = Release|Any CPU
		{89477D36-5E13-4C91-BD9F-CA5866C29A4D}.Debug|Any CPU.ActiveCfg = Debug|Any CPU
		{89477D36-5E13-4C91-BD9F-CA5866C29A4D}.Debug|Any CPU.Build.0 = Debug|Any CPU
		{89477D36-5E13-4C91-BD9F-CA5866C29A4D}.Debug|x64.ActiveCfg = Debug|Any CPU
		{89477D36-5E13-4C91-BD9F-CA5866C29A4D}.Debug|x64.Build.0 = Debug|Any CPU
		{89477D36-5E13-4C91-BD9F-CA5866C29A4D}.Debug|x86.ActiveCfg = Debug|Any CPU
		{89477D36-5E13-4C91-BD9F-CA5866C29A4D}.Debug|x86.Build.0 = Debug|Any CPU
		{89477D36-5E13-4C91-BD9F-CA5866C29A4D}.Release|Any CPU.ActiveCfg = Release|Any CPU
		{89477D36-5E13-4C91-BD9F-CA5866C29A4D}.Release|Any CPU.Build.0 = Release|Any CPU
		{89477D36-5E13-4C91-BD9F-CA5866C29A4D}.Release|x64.ActiveCfg = Release|Any CPU
		{89477D36-5E13-4C91-BD9F-CA5866C29A4D}.Release|x64.Build.0 = Release|Any CPU
		{89477D36-5E13-4C91-BD9F-CA5866C29A4D}.Release|x86.ActiveCfg = Release|Any CPU
		{89477D36-5E13-4C91-BD9F-CA5866C29A4D}.Release|x86.Build.0 = Release|Any CPU
		{85AC959D-7140-481D-B135-A3DBB9F33314}.Debug|Any CPU.ActiveCfg = Debug|Any CPU
		{85AC959D-7140-481D-B135-A3DBB9F33314}.Debug|Any CPU.Build.0 = Debug|Any CPU
		{85AC959D-7140-481D-B135-A3DBB9F33314}.Debug|x64.ActiveCfg = Debug|Any CPU
		{85AC959D-7140-481D-B135-A3DBB9F33314}.Debug|x64.Build.0 = Debug|Any CPU
		{85AC959D-7140-481D-B135-A3DBB9F33314}.Debug|x86.ActiveCfg = Debug|Any CPU
		{85AC959D-7140-481D-B135-A3DBB9F33314}.Debug|x86.Build.0 = Debug|Any CPU
		{85AC959D-7140-481D-B135-A3DBB9F33314}.Release|Any CPU.ActiveCfg = Release|Any CPU
		{85AC959D-7140-481D-B135-A3DBB9F33314}.Release|Any CPU.Build.0 = Release|Any CPU
		{85AC959D-7140-481D-B135-A3DBB9F33314}.Release|x64.ActiveCfg = Release|Any CPU
		{85AC959D-7140-481D-B135-A3DBB9F33314}.Release|x64.Build.0 = Release|Any CPU
		{85AC959D-7140-481D-B135-A3DBB9F33314}.Release|x86.ActiveCfg = Release|Any CPU
		{85AC959D-7140-481D-B135-A3DBB9F33314}.Release|x86.Build.0 = Release|Any CPU
		{3E46EE95-5411-4F4B-9B75-6EB10139DA72}.Debug|Any CPU.ActiveCfg = Debug|Any CPU
		{3E46EE95-5411-4F4B-9B75-6EB10139DA72}.Debug|Any CPU.Build.0 = Debug|Any CPU
		{3E46EE95-5411-4F4B-9B75-6EB10139DA72}.Debug|x64.ActiveCfg = Debug|Any CPU
		{3E46EE95-5411-4F4B-9B75-6EB10139DA72}.Debug|x64.Build.0 = Debug|Any CPU
		{3E46EE95-5411-4F4B-9B75-6EB10139DA72}.Debug|x86.ActiveCfg = Debug|Any CPU
		{3E46EE95-5411-4F4B-9B75-6EB10139DA72}.Debug|x86.Build.0 = Debug|Any CPU
		{3E46EE95-5411-4F4B-9B75-6EB10139DA72}.Release|Any CPU.ActiveCfg = Release|Any CPU
		{3E46EE95-5411-4F4B-9B75-6EB10139DA72}.Release|Any CPU.Build.0 = Release|Any CPU
		{3E46EE95-5411-4F4B-9B75-6EB10139DA72}.Release|x64.ActiveCfg = Release|Any CPU
		{3E46EE95-5411-4F4B-9B75-6EB10139DA72}.Release|x64.Build.0 = Release|Any CPU
		{3E46EE95-5411-4F4B-9B75-6EB10139DA72}.Release|x86.ActiveCfg = Release|Any CPU
		{3E46EE95-5411-4F4B-9B75-6EB10139DA72}.Release|x86.Build.0 = Release|Any CPU
		{E09FD354-2A05-4430-884B-EC620DCD0C71}.Debug|Any CPU.ActiveCfg = Debug|Any CPU
		{E09FD354-2A05-4430-884B-EC620DCD0C71}.Debug|Any CPU.Build.0 = Debug|Any CPU
		{E09FD354-2A05-4430-884B-EC620DCD0C71}.Debug|x64.ActiveCfg = Debug|Any CPU
		{E09FD354-2A05-4430-884B-EC620DCD0C71}.Debug|x64.Build.0 = Debug|Any CPU
		{E09FD354-2A05-4430-884B-EC620DCD0C71}.Debug|x86.ActiveCfg = Debug|Any CPU
		{E09FD354-2A05-4430-884B-EC620DCD0C71}.Debug|x86.Build.0 = Debug|Any CPU
		{E09FD354-2A05-4430-884B-EC620DCD0C71}.Release|Any CPU.ActiveCfg = Release|Any CPU
		{E09FD354-2A05-4430-884B-EC620DCD0C71}.Release|Any CPU.Build.0 = Release|Any CPU
		{E09FD354-2A05-4430-884B-EC620DCD0C71}.Release|x64.ActiveCfg = Release|Any CPU
		{E09FD354-2A05-4430-884B-EC620DCD0C71}.Release|x64.Build.0 = Release|Any CPU
		{E09FD354-2A05-4430-884B-EC620DCD0C71}.Release|x86.ActiveCfg = Release|Any CPU
		{E09FD354-2A05-4430-884B-EC620DCD0C71}.Release|x86.Build.0 = Release|Any CPU
		{E2F7441D-99EC-48F8-BEB0-2F8C4C3ACB1C}.Debug|Any CPU.ActiveCfg = Debug|Any CPU
		{E2F7441D-99EC-48F8-BEB0-2F8C4C3ACB1C}.Debug|Any CPU.Build.0 = Debug|Any CPU
		{E2F7441D-99EC-48F8-BEB0-2F8C4C3ACB1C}.Debug|x64.ActiveCfg = Debug|Any CPU
		{E2F7441D-99EC-48F8-BEB0-2F8C4C3ACB1C}.Debug|x64.Build.0 = Debug|Any CPU
		{E2F7441D-99EC-48F8-BEB0-2F8C4C3ACB1C}.Debug|x86.ActiveCfg = Debug|Any CPU
		{E2F7441D-99EC-48F8-BEB0-2F8C4C3ACB1C}.Debug|x86.Build.0 = Debug|Any CPU
		{E2F7441D-99EC-48F8-BEB0-2F8C4C3ACB1C}.Release|Any CPU.ActiveCfg = Release|Any CPU
		{E2F7441D-99EC-48F8-BEB0-2F8C4C3ACB1C}.Release|Any CPU.Build.0 = Release|Any CPU
		{E2F7441D-99EC-48F8-BEB0-2F8C4C3ACB1C}.Release|x64.ActiveCfg = Release|Any CPU
		{E2F7441D-99EC-48F8-BEB0-2F8C4C3ACB1C}.Release|x64.Build.0 = Release|Any CPU
		{E2F7441D-99EC-48F8-BEB0-2F8C4C3ACB1C}.Release|x86.ActiveCfg = Release|Any CPU
		{E2F7441D-99EC-48F8-BEB0-2F8C4C3ACB1C}.Release|x86.Build.0 = Release|Any CPU
	EndGlobalSection
	GlobalSection(SolutionProperties) = preSolution
		HideSolutionNode = FALSE
	EndGlobalSection
	GlobalSection(NestedProjects) = preSolution
		{F6720BF1-9726-4038-8E21-DBFAC02378FC} = {827E0CD3-B72D-47B6-A68D-7590B98EB39B}
		{800FD908-B6BD-4866-B95D-7A9FFC3B25B4} = {827E0CD3-B72D-47B6-A68D-7590B98EB39B}
		{AE70E8F7-1E78-405F-AB0F-567CBFBA2140} = {827E0CD3-B72D-47B6-A68D-7590B98EB39B}
		{28B35510-9180-41D5-8693-5697276559C4} = {827E0CD3-B72D-47B6-A68D-7590B98EB39B}
		{F8588FD8-619F-416F-A6A0-C791B9A59F27} = {827E0CD3-B72D-47B6-A68D-7590B98EB39B}
		{BB5B91B7-8974-4822-9FB1-CB01195BF0AF} = {0AB3BF05-4346-4AA6-1389-037BE0695223}
		{89477D36-5E13-4C91-BD9F-CA5866C29A4D} = {0AB3BF05-4346-4AA6-1389-037BE0695223}
		{85AC959D-7140-481D-B135-A3DBB9F33314} = {0AB3BF05-4346-4AA6-1389-037BE0695223}
		{3E46EE95-5411-4F4B-9B75-6EB10139DA72} = {0AB3BF05-4346-4AA6-1389-037BE0695223}
		{E09FD354-2A05-4430-884B-EC620DCD0C71} = {5D20AA90-6969-D8BD-9DCD-8634F4692FDA}
		{E2F7441D-99EC-48F8-BEB0-2F8C4C3ACB1C} = {5D20AA90-6969-D8BD-9DCD-8634F4692FDA}
	EndGlobalSection
EndGlobal
